// !$*UTF8*$!
{
	archiveVersion = 1;
	classes = {
	};
	objectVersion = 77;
	objects = {

/* Begin PBXContainerItemProxy section */
		257BB9FE2D1FE3A8007B7CD6 /* PBXContainerItemProxy */ = {
			isa = PBXContainerItemProxy;
			containerPortal = 257BB9E52D1FE3A7007B7CD6 /* Project object */;
			proxyType = 1;
			remoteGlobalIDString = 257BB9EC2D1FE3A7007B7CD6;
			remoteInfo = safeotp;
		};
		257BBA082D1FE3A8007B7CD6 /* PBXContainerItemProxy */ = {
			isa = PBXContainerItemProxy;
			containerPortal = 257BB9E52D1FE3A7007B7CD6 /* Project object */;
			proxyType = 1;
			remoteGlobalIDString = 257BB9EC2D1FE3A7007B7CD6;
			remoteInfo = safeotp;
		};
/* End PBXContainerItemProxy section */

/* Begin PBXFileReference section */
		257BB9ED2D1FE3A7007B7CD6 /* safeotp.app */ = {isa = PBXFileReference; explicitFileType = wrapper.application; includeInIndex = 0; path = safeotp.app; sourceTree = BUILT_PRODUCTS_DIR; };
		257BB9FD2D1FE3A8007B7CD6 /* safeotpTests.xctest */ = {isa = PBXFileReference; explicitFileType = wrapper.cfbundle; includeInIndex = 0; path = safeotpTests.xctest; sourceTree = BUILT_PRODUCTS_DIR; };
		257BBA072D1FE3A8007B7CD6 /* safeotpUITests.xctest */ = {isa = PBXFileReference; explicitFileType = wrapper.cfbundle; includeInIndex = 0; path = safeotpUITests.xctest; sourceTree = BUILT_PRODUCTS_DIR; };
/* End PBXFileReference section */

/* Begin PBXFileSystemSynchronizedRootGroup section */
		257BB9EF2D1FE3A7007B7CD6 /* safeotp */ = {
			isa = PBXFileSystemSynchronizedRootGroup;
			path = safeotp;
			sourceTree = "<group>";
		};
		257BBA002D1FE3A8007B7CD6 /* safeotpTests */ = {
			isa = PBXFileSystemSynchronizedRootGroup;
			path = safeotpTests;
			sourceTree = "<group>";
		};
		257BBA0A2D1FE3A8007B7CD6 /* safeotpUITests */ = {
			isa = PBXFileSystemSynchronizedRootGroup;
			path = safeotpUITests;
			sourceTree = "<group>";
		};
/* End PBXFileSystemSynchronizedRootGroup section */

/* Begin PBXFrameworksBuildPhase section */
		257BB9EA2D1FE3A7007B7CD6 /* Frameworks */ = {
			isa = PBXFrameworksBuildPhase;
			buildActionMask = 2147483647;
			files = (
			);
			runOnlyForDeploymentPostprocessing = 0;
		};
		257BB9FA2D1FE3A8007B7CD6 /* Frameworks */ = {
			isa = PBXFrameworksBuildPhase;
			buildActionMask = 2147483647;
			files = (
			);
			runOnlyForDeploymentPostprocessing = 0;
		};
		257BBA042D1FE3A8007B7CD6 /* Frameworks */ = {
			isa = PBXFrameworksBuildPhase;
			buildActionMask = 2147483647;
			files = (
			);
			runOnlyForDeploymentPostprocessing = 0;
		};
/* End PBXFrameworksBuildPhase section */

/* Begin PBXGroup section */
		257BB9E42D1FE3A7007B7CD6 = {
			isa = PBXGroup;
			children = (
				257BB9EF2D1FE3A7007B7CD6 /* safeotp */,
				257BBA002D1FE3A8007B7CD6 /* safeotpTests */,
				257BBA0A2D1FE3A8007B7CD6 /* safeotpUITests */,
				257BB9EE2D1FE3A7007B7CD6 /* Products */,
			);
			sourceTree = "<group>";
		};
		257BB9EE2D1FE3A7007B7CD6 /* Products */ = {
			isa = PBXGroup;
			children = (
				257BB9ED2D1FE3A7007B7CD6 /* safeotp.app */,
				257BB9FD2D1FE3A8007B7CD6 /* safeotpTests.xctest */,
				257BBA072D1FE3A8007B7CD6 /* safeotpUITests.xctest */,
			);
			name = Products;
			sourceTree = "<group>";
		};
/* End PBXGroup section */

/* Begin PBXNativeTarget section */
		257BB9EC2D1FE3A7007B7CD6 /* safeotp */ = {
			isa = PBXNativeTarget;
			buildConfigurationList = 257BBA112D1FE3A8007B7CD6 /* Build configuration list for PBXNativeTarget "safeotp" */;
			buildPhases = (
				257BB9E92D1FE3A7007B7CD6 /* Sources */,
				257BB9EA2D1FE3A7007B7CD6 /* Frameworks */,
				257BB9EB2D1FE3A7007B7CD6 /* Resources */,
			);
			buildRules = (
			);
			dependencies = (
			);
			fileSystemSynchronizedGroups = (
				257BB9EF2D1FE3A7007B7CD6 /* safeotp */,
			);
			name = safeotp;
			packageProductDependencies = (
			);
			productName = safeotp;
			productReference = 257BB9ED2D1FE3A7007B7CD6 /* safeotp.app */;
			productType = "com.apple.product-type.application";
		};
		257BB9FC2D1FE3A8007B7CD6 /* safeotpTests */ = {
			isa = PBXNativeTarget;
			buildConfigurationList = 257BBA142D1FE3A8007B7CD6 /* Build configuration list for PBXNativeTarget "safeotpTests" */;
			buildPhases = (
				257BB9F92D1FE3A8007B7CD6 /* Sources */,
				257BB9FA2D1FE3A8007B7CD6 /* Frameworks */,
				257BB9FB2D1FE3A8007B7CD6 /* Resources */,
			);
			buildRules = (
			);
			dependencies = (
				257BB9FF2D1FE3A8007B7CD6 /* PBXTargetDependency */,
			);
			fileSystemSynchronizedGroups = (
				257BBA002D1FE3A8007B7CD6 /* safeotpTests */,
			);
			name = safeotpTests;
			packageProductDependencies = (
			);
			productName = safeotpTests;
			productReference = 257BB9FD2D1FE3A8007B7CD6 /* safeotpTests.xctest */;
			productType = "com.apple.product-type.bundle.unit-test";
		};
		257BBA062D1FE3A8007B7CD6 /* safeotpUITests */ = {
			isa = PBXNativeTarget;
			buildConfigurationList = 257BBA172D1FE3A8007B7CD6 /* Build configuration list for PBXNativeTarget "safeotpUITests" */;
			buildPhases = (
				257BBA032D1FE3A8007B7CD6 /* Sources */,
				257BBA042D1FE3A8007B7CD6 /* Frameworks */,
				257BBA052D1FE3A8007B7CD6 /* Resources */,
			);
			buildRules = (
			);
			dependencies = (
				257BBA092D1FE3A8007B7CD6 /* PBXTargetDependency */,
			);
			fileSystemSynchronizedGroups = (
				257BBA0A2D1FE3A8007B7CD6 /* safeotpUITests */,
			);
			name = safeotpUITests;
			packageProductDependencies = (
			);
			productName = safeotpUITests;
			productReference = 257BBA072D1FE3A8007B7CD6 /* safeotpUITests.xctest */;
			productType = "com.apple.product-type.bundle.ui-testing";
		};
/* End PBXNativeTarget section */

/* Begin PBXProject section */
		257BB9E52D1FE3A7007B7CD6 /* Project object */ = {
			isa = PBXProject;
			attributes = {
				BuildIndependentTargetsInParallel = 1;
				LastSwiftUpdateCheck = 1600;
				LastUpgradeCheck = 1600;
				TargetAttributes = {
					257BB9EC2D1FE3A7007B7CD6 = {
						CreatedOnToolsVersion = 16.0;
					};
					257BB9FC2D1FE3A8007B7CD6 = {
						CreatedOnToolsVersion = 16.0;
						TestTargetID = 257BB9EC2D1FE3A7007B7CD6;
					};
					257BBA062D1FE3A8007B7CD6 = {
						CreatedOnToolsVersion = 16.0;
						TestTargetID = 257BB9EC2D1FE3A7007B7CD6;
					};
				};
			};
			buildConfigurationList = 257BB9E82D1FE3A7007B7CD6 /* Build configuration list for PBXProject "safeotp" */;
			developmentRegion = en;
			hasScannedForEncodings = 0;
			knownRegions = (
				en,
				Base,
			);
			mainGroup = 257BB9E42D1FE3A7007B7CD6;
			minimizedProjectReferenceProxies = 1;
			preferredProjectObjectVersion = 77;
			productRefGroup = 257BB9EE2D1FE3A7007B7CD6 /* Products */;
			projectDirPath = "";
			projectRoot = "";
			targets = (
				257BB9EC2D1FE3A7007B7CD6 /* safeotp */,
				257BB9FC2D1FE3A8007B7CD6 /* safeotpTests */,
				257BBA062D1FE3A8007B7CD6 /* safeotpUITests */,
			);
		};
/* End PBXProject section */

/* Begin PBXResourcesBuildPhase section */
		257BB9EB2D1FE3A7007B7CD6 /* Resources */ = {
			isa = PBXResourcesBuildPhase;
			buildActionMask = 2147483647;
			files = (
			);
			runOnlyForDeploymentPostprocessing = 0;
		};
		257BB9FB2D1FE3A8007B7CD6 /* Resources */ = {
			isa = PBXResourcesBuildPhase;
			buildActionMask = 2147483647;
			files = (
			);
			runOnlyForDeploymentPostprocessing = 0;
		};
		257BBA052D1FE3A8007B7CD6 /* Resources */ = {
			isa = PBXResourcesBuildPhase;
			buildActionMask = 2147483647;
			files = (
			);
			runOnlyForDeploymentPostprocessing = 0;
		};
/* End PBXResourcesBuildPhase section */

/* Begin PBXSourcesBuildPhase section */
		257BB9E92D1FE3A7007B7CD6 /* Sources */ = {
			isa = PBXSourcesBuildPhase;
			buildActionMask = 2147483647;
			files = (
			);
			runOnlyForDeploymentPostprocessing = 0;
		};
		257BB9F92D1FE3A8007B7CD6 /* Sources */ = {
			isa = PBXSourcesBuildPhase;
			buildActionMask = 2147483647;
			files = (
			);
			runOnlyForDeploymentPostprocessing = 0;
		};
		257BBA032D1FE3A8007B7CD6 /* Sources */ = {
			isa = PBXSourcesBuildPhase;
			buildActionMask = 2147483647;
			files = (
			);
			runOnlyForDeploymentPostprocessing = 0;
		};
/* End PBXSourcesBuildPhase section */

/* Begin PBXTargetDependency section */
		257BB9FF2D1FE3A8007B7CD6 /* PBXTargetDependency */ = {
			isa = PBXTargetDependency;
			target = 257BB9EC2D1FE3A7007B7CD6 /* safeotp */;
			targetProxy = 257BB9FE2D1FE3A8007B7CD6 /* PBXContainerItemProxy */;
		};
		257BBA092D1FE3A8007B7CD6 /* PBXTargetDependency */ = {
			isa = PBXTargetDependency;
			target = 257BB9EC2D1FE3A7007B7CD6 /* safeotp */;
			targetProxy = 257BBA082D1FE3A8007B7CD6 /* PBXContainerItemProxy */;
		};
/* End PBXTargetDependency section */

/* Begin XCBuildConfiguration section */
		257BBA0F2D1FE3A8007B7CD6 /* Debug */ = {
			isa = XCBuildConfiguration;
			buildSettings = {
				ALWAYS_SEARCH_USER_PATHS = NO;
				ASSETCATALOG_COMPILER_GENERATE_SWIFT_ASSET_SYMBOL_EXTENSIONS = YES;
				CLANG_ANALYZER_NONNULL = YES;
				CLANG_ANALYZER_NUMBER_OBJECT_CONVERSION = YES_AGGRESSIVE;
				CLANG_CXX_LANGUAGE_STANDARD = "gnu++20";
				CLANG_ENABLE_MODULES = YES;
				CLANG_ENABLE_OBJC_ARC = YES;
				CLANG_ENABLE_OBJC_WEAK = YES;
				CLANG_WARN_BLOCK_CAPTURE_AUTORELEASING = YES;
				CLANG_WARN_BOOL_CONVERSION = YES;
				CLANG_WARN_COMMA = YES;
				CLANG_WARN_CONSTANT_CONVERSION = YES;
				CLANG_WARN_DEPRECATED_OBJC_IMPLEMENTATIONS = YES;
				CLANG_WARN_DIRECT_OBJC_ISA_USAGE = YES_ERROR;
				CLANG_WARN_DOCUMENTATION_COMMENTS = YES;
				CLANG_WARN_EMPTY_BODY = YES;
				CLANG_WARN_ENUM_CONVERSION = YES;
				CLANG_WARN_INFINITE_RECURSION = YES;
				CLANG_WARN_INT_CONVERSION = YES;
				CLANG_WARN_NON_LITERAL_NULL_CONVERSION = YES;
				CLANG_WARN_OBJC_IMPLICIT_RETAIN_SELF = YES;
				CLANG_WARN_OBJC_LITERAL_CONVERSION = YES;
				CLANG_WARN_OBJC_ROOT_CLASS = YES_ERROR;
				CLANG_WARN_QUOTED_INCLUDE_IN_FRAMEWORK_HEADER = YES;
				CLANG_WARN_RANGE_LOOP_ANALYSIS = YES;
				CLANG_WARN_STRICT_PROTOTYPES = YES;
				CLANG_WARN_SUSPICIOUS_MOVE = YES;
				CLANG_WARN_UNGUARDED_AVAILABILITY = YES_AGGRESSIVE;
				CLANG_WARN_UNREACHABLE_CODE = YES;
				CLANG_WARN__DUPLICATE_METHOD_MATCH = YES;
				COPY_PHASE_STRIP = NO;
				DEBUG_INFORMATION_FORMAT = dwarf;
				ENABLE_STRICT_OBJC_MSGSEND = YES;
				ENABLE_TESTABILITY = YES;
				ENABLE_USER_SCRIPT_SANDBOXING = YES;
				GCC_C_LANGUAGE_STANDARD = gnu17;
				GCC_DYNAMIC_NO_PIC = NO;
				GCC_NO_COMMON_BLOCKS = YES;
				GCC_OPTIMIZATION_LEVEL = 0;
				GCC_PREPROCESSOR_DEFINITIONS = (
					"DEBUG=1",
					"$(inherited)",
				);
				GCC_WARN_64_TO_32_BIT_CONVERSION = YES;
				GCC_WARN_ABOUT_RETURN_TYPE = YES_ERROR;
				GCC_WARN_UNDECLARED_SELECTOR = YES;
				GCC_WARN_UNINITIALIZED_AUTOS = YES_AGGRESSIVE;
				GCC_WARN_UNUSED_FUNCTION = YES;
				GCC_WARN_UNUSED_VARIABLE = YES;
				IPHONEOS_DEPLOYMENT_TARGET = 18.0;
				LOCALIZATION_PREFERS_STRING_CATALOGS = YES;
				MTL_ENABLE_DEBUG_INFO = INCLUDE_SOURCE;
				MTL_FAST_MATH = YES;
				ONLY_ACTIVE_ARCH = YES;
				SDKROOT = iphoneos;
				SWIFT_ACTIVE_COMPILATION_CONDITIONS = "DEBUG $(inherited)";
				SWIFT_OPTIMIZATION_LEVEL = "-Onone";
			};
			name = Debug;
		};
		257BBA102D1FE3A8007B7CD6 /* Release */ = {
			isa = XCBuildConfiguration;
			buildSettings = {
				ALWAYS_SEARCH_USER_PATHS = NO;
				ASSETCATALOG_COMPILER_GENERATE_SWIFT_ASSET_SYMBOL_EXTENSIONS = YES;
				CLANG_ANALYZER_NONNULL = YES;
				CLANG_ANALYZER_NUMBER_OBJECT_CONVERSION = YES_AGGRESSIVE;
				CLANG_CXX_LANGUAGE_STANDARD = "gnu++20";
				CLANG_ENABLE_MODULES = YES;
				CLANG_ENABLE_OBJC_ARC = YES;
				CLANG_ENABLE_OBJC_WEAK = YES;
				CLANG_WARN_BLOCK_CAPTURE_AUTORELEASING = YES;
				CLANG_WARN_BOOL_CONVERSION = YES;
				CLANG_WARN_COMMA = YES;
				CLANG_WARN_CONSTANT_CONVERSION = YES;
				CLANG_WARN_DEPRECATED_OBJC_IMPLEMENTATIONS = YES;
				CLANG_WARN_DIRECT_OBJC_ISA_USAGE = YES_ERROR;
				CLANG_WARN_DOCUMENTATION_COMMENTS = YES;
				CLANG_WARN_EMPTY_BODY = YES;
				CLANG_WARN_ENUM_CONVERSION = YES;
				CLANG_WARN_INFINITE_RECURSION = YES;
				CLANG_WARN_INT_CONVERSION = YES;
				CLANG_WARN_NON_LITERAL_NULL_CONVERSION = YES;
				CLANG_WARN_OBJC_IMPLICIT_RETAIN_SELF = YES;
				CLANG_WARN_OBJC_LITERAL_CONVERSION = YES;
				CLANG_WARN_OBJC_ROOT_CLASS = YES_ERROR;
				CLANG_WARN_QUOTED_INCLUDE_IN_FRAMEWORK_HEADER = YES;
				CLANG_WARN_RANGE_LOOP_ANALYSIS = YES;
				CLANG_WARN_STRICT_PROTOTYPES = YES;
				CLANG_WARN_SUSPICIOUS_MOVE = YES;
				CLANG_WARN_UNGUARDED_AVAILABILITY = YES_AGGRESSIVE;
				CLANG_WARN_UNREACHABLE_CODE = YES;
				CLANG_WARN__DUPLICATE_METHOD_MATCH = YES;
				COPY_PHASE_STRIP = NO;
				DEBUG_INFORMATION_FORMAT = "dwarf-with-dsym";
				ENABLE_NS_ASSERTIONS = NO;
				ENABLE_STRICT_OBJC_MSGSEND = YES;
				ENABLE_USER_SCRIPT_SANDBOXING = YES;
				GCC_C_LANGUAGE_STANDARD = gnu17;
				GCC_NO_COMMON_BLOCKS = YES;
				GCC_WARN_64_TO_32_BIT_CONVERSION = YES;
				GCC_WARN_ABOUT_RETURN_TYPE = YES_ERROR;
				GCC_WARN_UNDECLARED_SELECTOR = YES;
				GCC_WARN_UNINITIALIZED_AUTOS = YES_AGGRESSIVE;
				GCC_WARN_UNUSED_FUNCTION = YES;
				GCC_WARN_UNUSED_VARIABLE = YES;
				IPHONEOS_DEPLOYMENT_TARGET = 18.0;
				LOCALIZATION_PREFERS_STRING_CATALOGS = YES;
				MTL_ENABLE_DEBUG_INFO = NO;
				MTL_FAST_MATH = YES;
				SDKROOT = iphoneos;
				SWIFT_COMPILATION_MODE = wholemodule;
				VALIDATE_PRODUCT = YES;
			};
			name = Release;
		};
		257BBA122D1FE3A8007B7CD6 /* Debug */ = {
			isa = XCBuildConfiguration;
			buildSettings = {
				ASSETCATALOG_COMPILER_APPICON_NAME = AppIcon;
				ASSETCATALOG_COMPILER_GLOBAL_ACCENT_COLOR_NAME = AccentColor;
				CODE_SIGN_STYLE = Automatic;
				CURRENT_PROJECT_VERSION = 1;
				DEVELOPMENT_ASSET_PATHS = "\"safeotp/Preview Content\"";
				DEVELOPMENT_TEAM = QH9X33Y55J;
				ENABLE_PREVIEWS = YES;
				GENERATE_INFOPLIST_FILE = YES;
				INFOPLIST_KEY_UIApplicationSceneManifest_Generation = YES;
				INFOPLIST_KEY_UIApplicationSupportsIndirectInputEvents = YES;
				INFOPLIST_KEY_UILaunchScreen_Generation = YES;
				INFOPLIST_KEY_UISupportedInterfaceOrientations_iPad = "UIInterfaceOrientationPortrait UIInterfaceOrientationPortraitUpsideDown UIInterfaceOrientationLandscapeLeft UIInterfaceOrientationLandscapeRight";
				INFOPLIST_KEY_UISupportedInterfaceOrientations_iPhone = "UIInterfaceOrientationPortrait UIInterfaceOrientationLandscapeLeft UIInterfaceOrientationLandscapeRight";
				LD_RUNPATH_SEARCH_PATHS = (
					"$(inherited)",
					"@executable_path/Frameworks",
				);
				MARKETING_VERSION = 1.0;
				PRODUCT_BUNDLE_IDENTIFIER = dev.ramaadi.safeotp;
				PRODUCT_NAME = "$(TARGET_NAME)";
				SWIFT_EMIT_LOC_STRINGS = YES;
				SWIFT_VERSION = 5.0;
				TARGETED_DEVICE_FAMILY = "1,2";
			};
			name = Debug;
		};
		257BBA132D1FE3A8007B7CD6 /* Release */ = {
			isa = XCBuildConfiguration;
			buildSettings = {
				ASSETCATALOG_COMPILER_APPICON_NAME = AppIcon;
				ASSETCATALOG_COMPILER_GLOBAL_ACCENT_COLOR_NAME = AccentColor;
				CODE_SIGN_STYLE = Automatic;
				CURRENT_PROJECT_VERSION = 1;
				DEVELOPMENT_ASSET_PATHS = "\"safeotp/Preview Content\"";
				DEVELOPMENT_TEAM = QH9X33Y55J;
				ENABLE_PREVIEWS = YES;
				GENERATE_INFOPLIST_FILE = YES;
				INFOPLIST_KEY_UIApplicationSceneManifest_Generation = YES;
				INFOPLIST_KEY_UIApplicationSupportsIndirectInputEvents = YES;
				INFOPLIST_KEY_UILaunchScreen_Generation = YES;
				INFOPLIST_KEY_UISupportedInterfaceOrientations_iPad = "UIInterfaceOrientationPortrait UIInterfaceOrientationPortraitUpsideDown UIInterfaceOrientationLandscapeLeft UIInterfaceOrientationLandscapeRight";
				INFOPLIST_KEY_UISupportedInterfaceOrientations_iPhone = "UIInterfaceOrientationPortrait UIInterfaceOrientationLandscapeLeft UIInterfaceOrientationLandscapeRight";
				LD_RUNPATH_SEARCH_PATHS = (
					"$(inherited)",
					"@executable_path/Frameworks",
				);
				MARKETING_VERSION = 1.0;
				PRODUCT_BUNDLE_IDENTIFIER = dev.ramaadi.safeotp;
				PRODUCT_NAME = "$(TARGET_NAME)";
				SWIFT_EMIT_LOC_STRINGS = YES;
				SWIFT_VERSION = 5.0;
				TARGETED_DEVICE_FAMILY = "1,2";
			};
			name = Release;
		};
		257BBA152D1FE3A8007B7CD6 /* Debug */ = {
			isa = XCBuildConfiguration;
			buildSettings = {
				BUNDLE_LOADER = "$(TEST_HOST)";
				CODE_SIGN_STYLE = Automatic;
				CURRENT_PROJECT_VERSION = 1;
				DEVELOPMENT_TEAM = QH9X33Y55J;
				GENERATE_INFOPLIST_FILE = YES;
				IPHONEOS_DEPLOYMENT_TARGET = 18.0;
				MARKETING_VERSION = 1.0;
				PRODUCT_BUNDLE_IDENTIFIER = dev.ramaadi.safeotpTests;
				PRODUCT_NAME = "$(TARGET_NAME)";
				SWIFT_EMIT_LOC_STRINGS = NO;
				SWIFT_VERSION = 5.0;
				TARGETED_DEVICE_FAMILY = "1,2";
				TEST_HOST = "$(BUILT_PRODUCTS_DIR)/safeotp.app/$(BUNDLE_EXECUTABLE_FOLDER_PATH)/safeotp";
			};
			name = Debug;
		};
		257BBA162D1FE3A8007B7CD6 /* Release */ = {
			isa = XCBuildConfiguration;
			buildSettings = {
				BUNDLE_LOADER = "$(TEST_HOST)";
				CODE_SIGN_STYLE = Automatic;
				CURRENT_PROJECT_VERSION = 1;
				DEVELOPMENT_TEAM = QH9X33Y55J;
				GENERATE_INFOPLIST_FILE = YES;
				IPHONEOS_DEPLOYMENT_TARGET = 18.0;
				MARKETING_VERSION = 1.0;
				PRODUCT_BUNDLE_IDENTIFIER = dev.ramaadi.safeotpTests;
				PRODUCT_NAME = "$(TARGET_NAME)";
				SWIFT_EMIT_LOC_STRINGS = NO;
				SWIFT_VERSION = 5.0;
				TARGETED_DEVICE_FAMILY = "1,2";
				TEST_HOST = "$(BUILT_PRODUCTS_DIR)/safeotp.app/$(BUNDLE_EXECUTABLE_FOLDER_PATH)/safeotp";
			};
			name = Release;
		};
		257BBA182D1FE3A8007B7CD6 /* Debug */ = {
			isa = XCBuildConfiguration;
			buildSettings = {
				CODE_SIGN_STYLE = Automatic;
				CURRENT_PROJECT_VERSION = 1;
				DEVELOPMENT_TEAM = QH9X33Y55J;
				GENERATE_INFOPLIST_FILE = YES;
				MARKETING_VERSION = 1.0;
				PRODUCT_BUNDLE_IDENTIFIER = dev.ramaadi.safeotpUITests;
				PRODUCT_NAME = "$(TARGET_NAME)";
				SWIFT_EMIT_LOC_STRINGS = NO;
				SWIFT_VERSION = 5.0;
				TARGETED_DEVICE_FAMILY = "1,2";
				TEST_TARGET_NAME = safeotp;
			};
			name = Debug;
		};
		257BBA192D1FE3A8007B7CD6 /* Release */ = {
			isa = XCBuildConfiguration;
			buildSettings = {
				CODE_SIGN_STYLE = Automatic;
				CURRENT_PROJECT_VERSION = 1;
				DEVELOPMENT_TEAM = QH9X33Y55J;
				GENERATE_INFOPLIST_FILE = YES;
				MARKETING_VERSION = 1.0;
				PRODUCT_BUNDLE_IDENTIFIER = dev.ramaadi.safeotpUITests;
				PRODUCT_NAME = "$(TARGET_NAME)";
				SWIFT_EMIT_LOC_STRINGS = NO;
				SWIFT_VERSION = 5.0;
				TARGETED_DEVICE_FAMILY = "1,2";
				TEST_TARGET_NAME = safeotp;
			};
			name = Release;
		};
/* End XCBuildConfiguration section */

/* Begin XCConfigurationList section */
		257BB9E82D1FE3A7007B7CD6 /* Build configuration list for PBXProject "safeotp" */ = {
			isa = XCConfigurationList;
			buildConfigurations = (
				257BBA0F2D1FE3A8007B7CD6 /* Debug */,
				257BBA102D1FE3A8007B7CD6 /* Release */,
			);
			defaultConfigurationIsVisible = 0;
			defaultConfigurationName = Release;
		};
		257BBA112D1FE3A8007B7CD6 /* Build configuration list for PBXNativeTarget "safeotp" */ = {
			isa = XCConfigurationList;
			buildConfigurations = (
				257BBA122D1FE3A8007B7CD6 /* Debug */,
				257BBA132D1FE3A8007B7CD6 /* Release */,
			);
			defaultConfigurationIsVisible = 0;
			defaultConfigurationName = Release;
		};
		257BBA142D1FE3A8007B7CD6 /* Build configuration list for PBXNativeTarget "safeotpTests" */ = {
			isa = XCConfigurationList;
			buildConfigurations = (
				257BBA152D1FE3A8007B7CD6 /* Debug */,
				257BBA162D1FE3A8007B7CD6 /* Release */,
			);
			defaultConfigurationIsVisible = 0;
			defaultConfigurationName = Release;
		};
		257BBA172D1FE3A8007B7CD6 /* Build configuration list for PBXNativeTarget "safeotpUITests" */ = {
			isa = XCConfigurationList;
			buildConfigurations = (
				257BBA182D1FE3A8007B7CD6 /* Debug */,
				257BBA192D1FE3A8007B7CD6 /* Release */,
			);
			defaultConfigurationIsVisible = 0;
			defaultConfigurationName = Release;
		};
/* End XCConfigurationList section */
	};
	rootObject = 257BB9E52D1FE3A7007B7CD6 /* Project object */;
}
